// !$*UTF8*$!
{
	archiveVersion = 1;
	classes = {
	};
	objectVersion = 55;
	objects = {

/* Begin PBXBuildFile section */
		F73C457528A63465006A910E /* AppDelegate.swift in Sources */ = {isa = PBXBuildFile; fileRef = F73C457428A63465006A910E /* AppDelegate.swift */; };
		F73C457728A63465006A910E /* SceneDelegate.swift in Sources */ = {isa = PBXBuildFile; fileRef = F73C457628A63465006A910E /* SceneDelegate.swift */; };
		F73C457928A63465006A910E /* ViewController.swift in Sources */ = {isa = PBXBuildFile; fileRef = F73C457828A63465006A910E /* ViewController.swift */; };
		F73C457C28A63465006A910E /* Main.storyboard in Resources */ = {isa = PBXBuildFile; fileRef = F73C457A28A63465006A910E /* Main.storyboard */; };
		F73C457E28A63466006A910E /* Assets.xcassets in Resources */ = {isa = PBXBuildFile; fileRef = F73C457D28A63466006A910E /* Assets.xcassets */; };
		F73C458128A63466006A910E /* LaunchScreen.storyboard in Resources */ = {isa = PBXBuildFile; fileRef = F73C457F28A63466006A910E /* LaunchScreen.storyboard */; };
		F73C458A28A63490006A910E /* IQKeyboardManagerSwift in Frameworks */ = {isa = PBXBuildFile; productRef = F73C458928A63490006A910E /* IQKeyboardManagerSwift */; };
		F73C458E28A63595006A910E /* GoogleService-Info.plist in Resources */ = {isa = PBXBuildFile; fileRef = F73C458D28A63594006A910E /* GoogleService-Info.plist */; };
/* End PBXBuildFile section */

/* Begin PBXFileReference section */
		F73C457128A63465006A910E /* Text Chat FireBase.app */ = {isa = PBXFileReference; explicitFileType = wrapper.application; includeInIndex = 0; path = "Text Chat FireBase.app"; sourceTree = BUILT_PRODUCTS_DIR; };
		F73C457428A63465006A910E /* AppDelegate.swift */ = {isa = PBXFileReference; lastKnownFileType = sourcecode.swift; path = AppDelegate.swift; sourceTree = "<group>"; };
		F73C457628A63465006A910E /* SceneDelegate.swift */ = {isa = PBXFileReference; lastKnownFileType = sourcecode.swift; path = SceneDelegate.swift; sourceTree = "<group>"; };
		F73C457828A63465006A910E /* ViewController.swift */ = {isa = PBXFileReference; lastKnownFileType = sourcecode.swift; path = ViewController.swift; sourceTree = "<group>"; };
		F73C457B28A63465006A910E /* Base */ = {isa = PBXFileReference; lastKnownFileType = file.storyboard; name = Base; path = Base.lproj/Main.storyboard; sourceTree = "<group>"; };
		F73C457D28A63466006A910E /* Assets.xcassets */ = {isa = PBXFileReference; lastKnownFileType = folder.assetcatalog; path = Assets.xcassets; sourceTree = "<group>"; };
		F73C458028A63466006A910E /* Base */ = {isa = PBXFileReference; lastKnownFileType = file.storyboard; name = Base; path = Base.lproj/LaunchScreen.storyboard; sourceTree = "<group>"; };
		F73C458228A63466006A910E /* Info.plist */ = {isa = PBXFileReference; lastKnownFileType = text.plist.xml; path = Info.plist; sourceTree = "<group>"; };
		F73C458D28A63594006A910E /* GoogleService-Info.plist */ = {isa = PBXFileReference; fileEncoding = 4; lastKnownFileType = text.plist.xml; path = "GoogleService-Info.plist"; sourceTree = "<group>"; };
/* End PBXFileReference section */

/* Begin PBXFrameworksBuildPhase section */
		F73C456E28A63465006A910E /* Frameworks */ = {
			isa = PBXFrameworksBuildPhase;
			buildActionMask = 2147483647;
			files = (
				F73C458A28A63490006A910E /* IQKeyboardManagerSwift in Frameworks */,
			);
			runOnlyForDeploymentPostprocessing = 0;
		};
/* End PBXFrameworksBuildPhase section */

/* Begin PBXGroup section */
		F73C456828A63465006A910E = {
			isa = PBXGroup;
			children = (
				F73C457328A63465006A910E /* Text Chat FireBase */,
				F73C457228A63465006A910E /* Products */,
			);
			sourceTree = "<group>";
		};
		F73C457228A63465006A910E /* Products */ = {
			isa = PBXGroup;
			children = (
				F73C457128A63465006A910E /* Text Chat FireBase.app */,
			);
			name = Products;
			sourceTree = "<group>";
		};
		F73C457328A63465006A910E /* Text Chat FireBase */ = {
			isa = PBXGroup;
			children = (
				F73C459028A64312006A910E /* App */,
				F73C459128A6432D006A910E /* Model */,
				F73C459228A64343006A910E /* View */,
				F73C459328A6436D006A910E /* Controller */,
				F73C457D28A63466006A910E /* Assets.xcassets */,
				F73C458D28A63594006A910E /* GoogleService-Info.plist */,
			);
			path = "Text Chat FireBase";
			sourceTree = "<group>";
		};
		F73C459028A64312006A910E /* App */ = {
			isa = PBXGroup;
			children = (
				F73C457428A63465006A910E /* AppDelegate.swift */,
				F73C457628A63465006A910E /* SceneDelegate.swift */,
				F73C458228A63466006A910E /* Info.plist */,
			);
			path = App;
			sourceTree = "<group>";
		};
		F73C459128A6432D006A910E /* Model */ = {
			isa = PBXGroup;
			children = (
			);
			path = Model;
			sourceTree = "<group>";
		};
		F73C459228A64343006A910E /* View */ = {
			isa = PBXGroup;
			children = (
				F73C457A28A63465006A910E /* Main.storyboard */,
				F73C457F28A63466006A910E /* LaunchScreen.storyboard */,
			);
			path = View;
			sourceTree = "<group>";
		};
		F73C459328A6436D006A910E /* Controller */ = {
			isa = PBXGroup;
			children = (
				F73C457828A63465006A910E /* ViewController.swift */,
			);
			path = Controller;
			sourceTree = "<group>";
		};
/* End PBXGroup section */

/* Begin PBXNativeTarget section */
		F73C457028A63465006A910E /* Text Chat FireBase */ = {
			isa = PBXNativeTarget;
			buildConfigurationList = F73C458528A63466006A910E /* Build configuration list for PBXNativeTarget "Text Chat FireBase" */;
			buildPhases = (
				F73C456D28A63465006A910E /* Sources */,
				F73C456E28A63465006A910E /* Frameworks */,
				F73C456F28A63465006A910E /* Resources */,
			);
			buildRules = (
			);
			dependencies = (
			);
			name = "Text Chat FireBase";
			packageProductDependencies = (
				F73C458928A63490006A910E /* IQKeyboardManagerSwift */,
			);
			productName = "Text Chat FireBase";
			productReference = F73C457128A63465006A910E /* Text Chat FireBase.app */;
			productType = "com.apple.product-type.application";
		};
/* End PBXNativeTarget section */

/* Begin PBXProject section */
		F73C456928A63465006A910E /* Project object */ = {
			isa = PBXProject;
			attributes = {
				BuildIndependentTargetsInParallel = 1;
				LastSwiftUpdateCheck = 1340;
				LastUpgradeCheck = 1340;
				TargetAttributes = {
					F73C457028A63465006A910E = {
						CreatedOnToolsVersion = 13.4.1;
					};
				};
			};
			buildConfigurationList = F73C456C28A63465006A910E /* Build configuration list for PBXProject "Text Chat FireBase" */;
			compatibilityVersion = "Xcode 13.0";
			developmentRegion = en;
			hasScannedForEncodings = 0;
			knownRegions = (
				en,
				Base,
			);
			mainGroup = F73C456828A63465006A910E;
			packageReferences = (
				F73C458828A63490006A910E /* XCRemoteSwiftPackageReference "IQKeyboardManager" */,
				F73C458F28A63669006A910E /* XCRemoteSwiftPackageReference "firebase-ios-sdk" */,
			);
			productRefGroup = F73C457228A63465006A910E /* Products */;
			projectDirPath = "";
			projectRoot = "";
			targets = (
				F73C457028A63465006A910E /* Text Chat FireBase */,
			);
		};
/* End PBXProject section */

/* Begin PBXResourcesBuildPhase section */
		F73C456F28A63465006A910E /* Resources */ = {
			isa = PBXResourcesBuildPhase;
			buildActionMask = 2147483647;
			files = (
				F73C458128A63466006A910E /* LaunchScreen.storyboard in Resources */,
				F73C458E28A63595006A910E /* GoogleService-Info.plist in Resources */,
				F73C457E28A63466006A910E /* Assets.xcassets in Resources */,
				F73C457C28A63465006A910E /* Main.storyboard in Resources */,
			);
			runOnlyForDeploymentPostprocessing = 0;
		};
/* End PBXResourcesBuildPhase section */

/* Begin PBXSourcesBuildPhase section */
		F73C456D28A63465006A910E /* Sources */ = {
			isa = PBXSourcesBuildPhase;
			buildActionMask = 2147483647;
			files = (
				F73C457928A63465006A910E /* ViewController.swift in Sources */,
				F73C457528A63465006A910E /* AppDelegate.swift in Sources */,
				F73C457728A63465006A910E /* SceneDelegate.swift in Sources */,
			);
			runOnlyForDeploymentPostprocessing = 0;
		};
/* End PBXSourcesBuildPhase section */

/* Begin PBXVariantGroup section */
		F73C457A28A63465006A910E /* Main.storyboard */ = {
			isa = PBXVariantGroup;
			children = (
				F73C457B28A63465006A910E /* Base */,
			);
			name = Main.storyboard;
			sourceTree = "<group>";
		};
		F73C457F28A63466006A910E /* LaunchScreen.storyboard */ = {
			isa = PBXVariantGroup;
			children = (
				F73C458028A63466006A910E /* Base */,
			);
			name = LaunchScreen.storyboard;
			sourceTree = "<group>";
		};
/* End PBXVariantGroup section */

/* Begin XCBuildConfiguration section */
		F73C458328A63466006A910E /* Debug */ = {
			isa = XCBuildConfiguration;
			buildSettings = {
				ALWAYS_SEARCH_USER_PATHS = NO;
				CLANG_ANALYZER_NONNULL = YES;
				CLANG_ANALYZER_NUMBER_OBJECT_CONVERSION = YES_AGGRESSIVE;
				CLANG_CXX_LANGUAGE_STANDARD = "gnu++17";
				CLANG_ENABLE_MODULES = YES;
				CLANG_ENABLE_OBJC_ARC = YES;
				CLANG_ENABLE_OBJC_WEAK = YES;
				CLANG_WARN_BLOCK_CAPTURE_AUTORELEASING = YES;
				CLANG_WARN_BOOL_CONVERSION = YES;
				CLANG_WARN_COMMA = YES;
				CLANG_WARN_CONSTANT_CONVERSION = YES;
				CLANG_WARN_DEPRECATED_OBJC_IMPLEMENTATIONS = YES;
				CLANG_WARN_DIRECT_OBJC_ISA_USAGE = YES_ERROR;
				CLANG_WARN_DOCUMENTATION_COMMENTS = YES;
				CLANG_WARN_EMPTY_BODY = YES;
				CLANG_WARN_ENUM_CONVERSION = YES;
				CLANG_WARN_INFINITE_RECURSION = YES;
				CLANG_WARN_INT_CONVERSION = YES;
				CLANG_WARN_NON_LITERAL_NULL_CONVERSION = YES;
				CLANG_WARN_OBJC_IMPLICIT_RETAIN_SELF = YES;
				CLANG_WARN_OBJC_LITERAL_CONVERSION = YES;
				CLANG_WARN_OBJC_ROOT_CLASS = YES_ERROR;
				CLANG_WARN_QUOTED_INCLUDE_IN_FRAMEWORK_HEADER = YES;
				CLANG_WARN_RANGE_LOOP_ANALYSIS = YES;
				CLANG_WARN_STRICT_PROTOTYPES = YES;
				CLANG_WARN_SUSPICIOUS_MOVE = YES;
				CLANG_WARN_UNGUARDED_AVAILABILITY = YES_AGGRESSIVE;
				CLANG_WARN_UNREACHABLE_CODE = YES;
				CLANG_WARN__DUPLICATE_METHOD_MATCH = YES;
				COPY_PHASE_STRIP = NO;
				DEBUG_INFORMATION_FORMAT = dwarf;
				ENABLE_STRICT_OBJC_MSGSEND = YES;
				ENABLE_TESTABILITY = YES;
				GCC_C_LANGUAGE_STANDARD = gnu11;
				GCC_DYNAMIC_NO_PIC = NO;
				GCC_NO_COMMON_BLOCKS = YES;
				GCC_OPTIMIZATION_LEVEL = 0;
				GCC_PREPROCESSOR_DEFINITIONS = (
					"DEBUG=1",
					"$(inherited)",
				);
				GCC_WARN_64_TO_32_BIT_CONVERSION = YES;
				GCC_WARN_ABOUT_RETURN_TYPE = YES_ERROR;
				GCC_WARN_UNDECLARED_SELECTOR = YES;
				GCC_WARN_UNINITIALIZED_AUTOS = YES_AGGRESSIVE;
				GCC_WARN_UNUSED_FUNCTION = YES;
				GCC_WARN_UNUSED_VARIABLE = YES;
				IPHONEOS_DEPLOYMENT_TARGET = 15.5;
				MTL_ENABLE_DEBUG_INFO = INCLUDE_SOURCE;
				MTL_FAST_MATH = YES;
				ONLY_ACTIVE_ARCH = YES;
				SDKROOT = iphoneos;
				SWIFT_ACTIVE_COMPILATION_CONDITIONS = DEBUG;
				SWIFT_OPTIMIZATION_LEVEL = "-Onone";
			};
			name = Debug;
		};
		F73C458428A63466006A910E /* Release */ = {
			isa = XCBuildConfiguration;
			buildSettings = {
				ALWAYS_SEARCH_USER_PATHS = NO;
				CLANG_ANALYZER_NONNULL = YES;
				CLANG_ANALYZER_NUMBER_OBJECT_CONVERSION = YES_AGGRESSIVE;
				CLANG_CXX_LANGUAGE_STANDARD = "gnu++17";
				CLANG_ENABLE_MODULES = YES;
				CLANG_ENABLE_OBJC_ARC = YES;
				CLANG_ENABLE_OBJC_WEAK = YES;
				CLANG_WARN_BLOCK_CAPTURE_AUTORELEASING = YES;
				CLANG_WARN_BOOL_CONVERSION = YES;
				CLANG_WARN_COMMA = YES;
				CLANG_WARN_CONSTANT_CONVERSION = YES;
				CLANG_WARN_DEPRECATED_OBJC_IMPLEMENTATIONS = YES;
				CLANG_WARN_DIRECT_OBJC_ISA_USAGE = YES_ERROR;
				CLANG_WARN_DOCUMENTATION_COMMENTS = YES;
				CLANG_WARN_EMPTY_BODY = YES;
				CLANG_WARN_ENUM_CONVERSION = YES;
				CLANG_WARN_INFINITE_RECURSION = YES;
				CLANG_WARN_INT_CONVERSION = YES;
				CLANG_WARN_NON_LITERAL_NULL_CONVERSION = YES;
				CLANG_WARN_OBJC_IMPLICIT_RETAIN_SELF = YES;
				CLANG_WARN_OBJC_LITERAL_CONVERSION = YES;
				CLANG_WARN_OBJC_ROOT_CLASS = YES_ERROR;
				CLANG_WARN_QUOTED_INCLUDE_IN_FRAMEWORK_HEADER = YES;
				CLANG_WARN_RANGE_LOOP_ANALYSIS = YES;
				CLANG_WARN_STRICT_PROTOTYPES = YES;
				CLANG_WARN_SUSPICIOUS_MOVE = YES;
				CLANG_WARN_UNGUARDED_AVAILABILITY = YES_AGGRESSIVE;
				CLANG_WARN_UNREACHABLE_CODE = YES;
				CLANG_WARN__DUPLICATE_METHOD_MATCH = YES;
				COPY_PHASE_STRIP = NO;
				DEBUG_INFORMATION_FORMAT = "dwarf-with-dsym";
				ENABLE_NS_ASSERTIONS = NO;
				ENABLE_STRICT_OBJC_MSGSEND = YES;
				GCC_C_LANGUAGE_STANDARD = gnu11;
				GCC_NO_COMMON_BLOCKS = YES;
				GCC_WARN_64_TO_32_BIT_CONVERSION = YES;
				GCC_WARN_ABOUT_RETURN_TYPE = YES_ERROR;
				GCC_WARN_UNDECLARED_SELECTOR = YES;
				GCC_WARN_UNINITIALIZED_AUTOS = YES_AGGRESSIVE;
				GCC_WARN_UNUSED_FUNCTION = YES;
				GCC_WARN_UNUSED_VARIABLE = YES;
				IPHONEOS_DEPLOYMENT_TARGET = 15.5;
				MTL_ENABLE_DEBUG_INFO = NO;
				MTL_FAST_MATH = YES;
				SDKROOT = iphoneos;
				SWIFT_COMPILATION_MODE = wholemodule;
				SWIFT_OPTIMIZATION_LEVEL = "-O";
				VALIDATE_PRODUCT = YES;
			};
			name = Release;
		};
		F73C458628A63466006A910E /* Debug */ = {
			isa = XCBuildConfiguration;
			buildSettings = {
				ASSETCATALOG_COMPILER_APPICON_NAME = AppIcon;
				ASSETCATALOG_COMPILER_GLOBAL_ACCENT_COLOR_NAME = AccentColor;
				CODE_SIGN_STYLE = Automatic;
				CURRENT_PROJECT_VERSION = 1;
				DEVELOPMENT_TEAM = ASKBC27NSG;
				GENERATE_INFOPLIST_FILE = YES;
				INFOPLIST_FILE = "Text Chat FireBase/App/Info.plist";
				INFOPLIST_KEY_UIApplicationSupportsIndirectInputEvents = YES;
				INFOPLIST_KEY_UILaunchStoryboardName = LaunchScreen;
				INFOPLIST_KEY_UIMainStoryboardFile = Main;
				INFOPLIST_KEY_UISupportedInterfaceOrientations_iPad = "UIInterfaceOrientationPortrait UIInterfaceOrientationPortraitUpsideDown UIInterfaceOrientationLandscapeLeft UIInterfaceOrientationLandscapeRight";
				INFOPLIST_KEY_UISupportedInterfaceOrientations_iPhone = "UIInterfaceOrientationPortrait UIInterfaceOrientationLandscapeLeft UIInterfaceOrientationLandscapeRight";
				LD_RUNPATH_SEARCH_PATHS = (
					"$(inherited)",
					"@executable_path/Frameworks",
				);
				MARKETING_VERSION = 1.0;
				PRODUCT_BUNDLE_IDENTIFIER = "com.maximsamus.Text-Chat-FireBase";
				PRODUCT_NAME = "$(TARGET_NAME)";
				SWIFT_EMIT_LOC_STRINGS = YES;
				SWIFT_VERSION = 5.0;
				TARGETED_DEVICE_FAMILY = 1;
			};
			name = Debug;
		};
		F73C458728A63466006A910E /* Release */ = {
			isa = XCBuildConfiguration;
			buildSettings = {
				ASSETCATALOG_COMPILER_APPICON_NAME = AppIcon;
				ASSETCATALOG_COMPILER_GLOBAL_ACCENT_COLOR_NAME = AccentColor;
				CODE_SIGN_STYLE = Automatic;
				CURRENT_PROJECT_VERSION = 1;
				DEVELOPMENT_TEAM = ASKBC27NSG;
				GENERATE_INFOPLIST_FILE = YES;
				INFOPLIST_FILE = "Text Chat FireBase/App/Info.plist";
				INFOPLIST_KEY_UIApplicationSupportsIndirectInputEvents = YES;
				INFOPLIST_KEY_UILaunchStoryboardName = LaunchScreen;
				INFOPLIST_KEY_UIMainStoryboardFile = Main;
				INFOPLIST_KEY_UISupportedInterfaceOrientations_iPad = "UIInterfaceOrientationPortrait UIInterfaceOrientationPortraitUpsideDown UIInterfaceOrientationLandscapeLeft UIInterfaceOrientationLandscapeRight";
				INFOPLIST_KEY_UISupportedInterfaceOrientations_iPhone = "UIInterfaceOrientationPortrait UIInterfaceOrientationLandscapeLeft UIInterfaceOrientationLandscapeRight";
				LD_RUNPATH_SEARCH_PATHS = (
					"$(inherited)",
					"@executable_path/Frameworks",
				);
				MARKETING_VERSION = 1.0;
				PRODUCT_BUNDLE_IDENTIFIER = "com.maximsamus.Text-Chat-FireBase";
				PRODUCT_NAME = "$(TARGET_NAME)";
				SWIFT_EMIT_LOC_STRINGS = YES;
				SWIFT_VERSION = 5.0;
				TARGETED_DEVICE_FAMILY = 1;
			};
			name = Release;
		};
/* End XCBuildConfiguration section */

/* Begin XCConfigurationList section */
		F73C456C28A63465006A910E /* Build configuration list for PBXProject "Text Chat FireBase" */ = {
			isa = XCConfigurationList;
			buildConfigurations = (
				F73C458328A63466006A910E /* Debug */,
				F73C458428A63466006A910E /* Release */,
			);
			defaultConfigurationIsVisible = 0;
			defaultConfigurationName = Release;
		};
		F73C458528A63466006A910E /* Build configuration list for PBXNativeTarget "Text Chat FireBase" */ = {
			isa = XCConfigurationList;
			buildConfigurations = (
				F73C458628A63466006A910E /* Debug */,
				F73C458728A63466006A910E /* Release */,
			);
			defaultConfigurationIsVisible = 0;
			defaultConfigurationName = Release;
		};
/* End XCConfigurationList section */

/* Begin XCRemoteSwiftPackageReference section */
		F73C458828A63490006A910E /* XCRemoteSwiftPackageReference "IQKeyboardManager" */ = {
			isa = XCRemoteSwiftPackageReference;
			repositoryURL = "https://github.com/hackiftekhar/IQKeyboardManager";
			requirement = {
				branch = master;
				kind = branch;
			};
		};
		F73C458F28A63669006A910E /* XCRemoteSwiftPackageReference "firebase-ios-sdk" */ = {
			isa = XCRemoteSwiftPackageReference;
			repositoryURL = "https://github.com/firebase/firebase-ios-sdk";
			requirement = {
				kind = upToNextMajorVersion;
				minimumVersion = 9.0.0;
			};
		};
/* End XCRemoteSwiftPackageReference section */

/* Begin XCSwiftPackageProductDependency section */
		F73C458928A63490006A910E /* IQKeyboardManagerSwift */ = {
			isa = XCSwiftPackageProductDependency;
			package = F73C458828A63490006A910E /* XCRemoteSwiftPackageReference "IQKeyboardManager" */;
			productName = IQKeyboardManagerSwift;
		};
/* End XCSwiftPackageProductDependency section */
	};
	rootObject = F73C456928A63465006A910E /* Project object */;
}
